
Microsoft Visual Studio Solution File, Format Version 12.00
# Visual Studio Version 18
VisualStudioVersion = 18.0.11222.15
MinimumVisualStudioVersion = 10.0.40219.1
Project("{9A19103F-16F7-4668-BE54-9A1E7A4F7556}") = "PromptCraft", "PromptCraft\PromptCraft.csproj", "{EBFA8512-1EA5-4D8C-B4AC-AB5B48A6D568}"
EndProject
Project("{9A19103F-16F7-4668-BE54-9A1E7A4F7556}") = "PromptCraft.Desktop", "PromptCraft.Desktop\PromptCraft.Desktop.csproj", "{ABC31E74-02FF-46EB-B3B2-4E6AE43B456C}"
EndProject
Project("{9A19103F-16F7-4668-BE54-9A1E7A4F7556}") = "PromptCraft.Browser", "PromptCraft.Browser\PromptCraft.Browser.csproj", "{1C1A049E-235C-4CD0-B6FA-D53AC418F4DA}"
EndProject
Project("{9A19103F-16F7-4668-BE54-9A1E7A4F7556}") = "PromptCraft.iOS", "PromptCraft.iOS\PromptCraft.iOS.csproj", "{EBD9022F-BC83-4846-9A11-6F7F3772DC64}"
EndProject
Project("{9A19103F-16F7-4668-BE54-9A1E7A4F7556}") = "PromptCraft.Android", "PromptCraft.Android\PromptCraft.Android.csproj", "{7AD1DAC8-7FBE-49D5-8614-7321233DB82E}"
EndProject
Project("{2150E333-8FDC-42A3-9474-1A3956D46DE8}") = "Solution Items", "Solution Items", "{3DA99C4E-89E3-4049-9C22-0A7EC60D83D8}"
	ProjectSection(SolutionItems) = preProject
		.editorconfig = .editorconfig
		Directory.Packages.props = Directory.Packages.props
	EndProjectSection
EndProject
Project("{FAE04EC0-301F-11D3-BF4B-00C04F79EFBC}") = "PromptCraft.Interfaces", "PromptCraft.Interfaces\PromptCraft.Interfaces.csproj", "{11508DF7-8397-4781-9791-641591CBB71E}"
EndProject
Project("{FAE04EC0-301F-11D3-BF4B-00C04F79EFBC}") = "PromptCraft.Consts", "PromptCraft.Consts\PromptCraft.Consts.csproj", "{728B0188-D483-4174-9EC2-498BE3AC9408}"
EndProject
Project("{FAE04EC0-301F-11D3-BF4B-00C04F79EFBC}") = "PromptCraft.Dock", "PromptCraft.Dock\PromptCraft.Dock.csproj", "{06E5387F-5DD0-44DB-AC3F-DED14ADCE859}"
EndProject
Project("{FAE04EC0-301F-11D3-BF4B-00C04F79EFBC}") = "PromptCraft.Service", "PromptCraft.Service\PromptCraft.Service.csproj", "{A9EC2E81-D6DB-4F70-A54D-FD7028051D96}"
EndProject
Project("{FAE04EC0-301F-11D3-BF4B-00C04F79EFBC}") = "BaseClassLib", "BaseClassLib\BaseClassLib.csproj", "{94F8B2F3-F1A3-42BA-A721-69E211751B79}"
EndProject
Project("{FAE04EC0-301F-11D3-BF4B-00C04F79EFBC}") = "PromptCraft.UILib", "PromptCraft.UILib\PromptCraft.UILib.csproj", "{3B7924C1-E2E5-40DE-9AFE-C428D66957AF}"
EndProject
Project("{FAE04EC0-301F-11D3-BF4B-00C04F79EFBC}") = "PromptCraft.Test", "PromptCraft.Test\PromptCraft.Test.csproj", "{65DE2535-B573-42C6-852A-C142C66F803E}"
EndProject
Project("{FAE04EC0-301F-11D3-BF4B-00C04F79EFBC}") = "Ke.Bee.Localization", "Ke.Bee.Localization\Ke.Bee.Localization.csproj", "{FCF15AEB-C486-1F31-54B1-18C99A149012}"
EndProject
Project("{FAE04EC0-301F-11D3-BF4B-00C04F79EFBC}") = "PromptCraft.Models", "PromptCraft.Models\PromptCraft.Models.csproj", "{E57F02AF-ABBF-43FC-90DC-DA4CD78A5A42}"
EndProject
Project("{FAE04EC0-301F-11D3-BF4B-00C04F79EFBC}") = "PromptCraft.Data", "PromptCraft.Data\PromptCraft.Data.csproj", "{D4F59F79-EF5F-472E-AC4B-BEFBE53DCCB7}"
EndProject
Project("{2150E333-8FDC-42A3-9474-1A3956D46DE8}") = "Core", "Core", "{A1C0DE01-0000-4000-8000-000000000001}"
EndProject
Project("{2150E333-8FDC-42A3-9474-1A3956D46DE8}") = "UI", "UI", "{A1C0DE01-0000-4000-8000-000000000002}"
EndProject
Project("{2150E333-8FDC-42A3-9474-1A3956D46DE8}") = "Shells", "Shells", "{A1C0DE01-0000-4000-8000-000000000003}"
EndProject
Project("{2150E333-8FDC-42A3-9474-1A3956D46DE8}") = "Tests", "Tests", "{A1C0DE01-0000-4000-8000-000000000004}"
EndProject
Global
	GlobalSection(SolutionConfigurationPlatforms) = preSolution
		Debug|Any CPU = Debug|Any CPU
		Debug|x64 = Debug|x64
		Debug|x86 = Debug|x86
		Release|Any CPU = Release|Any CPU
		Release|x64 = Release|x64
		Release|x86 = Release|x86
	EndGlobalSection
	GlobalSection(ProjectConfigurationPlatforms) = postSolution
		{EBFA8512-1EA5-4D8C-B4AC-AB5B48A6D568}.Debug|Any CPU.ActiveCfg = Debug|Any CPU
		{EBFA8512-1EA5-4D8C-B4AC-AB5B48A6D568}.Debug|Any CPU.Build.0 = Debug|Any CPU
		{EBFA8512-1EA5-4D8C-B4AC-AB5B48A6D568}.Debug|x64.ActiveCfg = Debug|Any CPU
		{EBFA8512-1EA5-4D8C-B4AC-AB5B48A6D568}.Debug|x64.Build.0 = Debug|Any CPU
		{EBFA8512-1EA5-4D8C-B4AC-AB5B48A6D568}.Debug|x86.ActiveCfg = Debug|Any CPU
		{EBFA8512-1EA5-4D8C-B4AC-AB5B48A6D568}.Debug|x86.Build.0 = Debug|Any CPU
		{EBFA8512-1EA5-4D8C-B4AC-AB5B48A6D568}.Release|Any CPU.ActiveCfg = Release|Any CPU
		{EBFA8512-1EA5-4D8C-B4AC-AB5B48A6D568}.Release|Any CPU.Build.0 = Release|Any CPU
		{EBFA8512-1EA5-4D8C-B4AC-AB5B48A6D568}.Release|x64.ActiveCfg = Release|Any CPU
		{EBFA8512-1EA5-4D8C-B4AC-AB5B48A6D568}.Release|x64.Build.0 = Release|Any CPU
		{EBFA8512-1EA5-4D8C-B4AC-AB5B48A6D568}.Release|x86.ActiveCfg = Release|Any CPU
		{EBFA8512-1EA5-4D8C-B4AC-AB5B48A6D568}.Release|x86.Build.0 = Release|Any CPU
		{ABC31E74-02FF-46EB-B3B2-4E6AE43B456C}.Debug|Any CPU.ActiveCfg = Debug|Any CPU
		{ABC31E74-02FF-46EB-B3B2-4E6AE43B456C}.Debug|Any CPU.Build.0 = Debug|Any CPU
		{ABC31E74-02FF-46EB-B3B2-4E6AE43B456C}.Debug|x64.ActiveCfg = Debug|Any CPU
		{ABC31E74-02FF-46EB-B3B2-4E6AE43B456C}.Debug|x64.Build.0 = Debug|Any CPU
		{ABC31E74-02FF-46EB-B3B2-4E6AE43B456C}.Debug|x86.ActiveCfg = Debug|Any CPU
		{ABC31E74-02FF-46EB-B3B2-4E6AE43B456C}.Debug|x86.Build.0 = Debug|Any CPU
		{ABC31E74-02FF-46EB-B3B2-4E6AE43B456C}.Release|Any CPU.ActiveCfg = Release|Any CPU
		{ABC31E74-02FF-46EB-B3B2-4E6AE43B456C}.Release|Any CPU.Build.0 = Release|Any CPU
		{ABC31E74-02FF-46EB-B3B2-4E6AE43B456C}.Release|x64.ActiveCfg = Release|Any CPU
		{ABC31E74-02FF-46EB-B3B2-4E6AE43B456C}.Release|x64.Build.0 = Release|Any CPU
		{ABC31E74-02FF-46EB-B3B2-4E6AE43B456C}.Release|x86.ActiveCfg = Release|Any CPU
		{ABC31E74-02FF-46EB-B3B2-4E6AE43B456C}.Release|x86.Build.0 = Release|Any CPU
		{1C1A049E-235C-4CD0-B6FA-D53AC418F4DA}.Debug|Any CPU.ActiveCfg = Debug|Any CPU
		{1C1A049E-235C-4CD0-B6FA-D53AC418F4DA}.Debug|Any CPU.Build.0 = Debug|Any CPU
		{1C1A049E-235C-4CD0-B6FA-D53AC418F4DA}.Debug|x64.ActiveCfg = Debug|Any CPU
		{1C1A049E-235C-4CD0-B6FA-D53AC418F4DA}.Debug|x64.Build.0 = Debug|Any CPU
		{1C1A049E-235C-4CD0-B6FA-D53AC418F4DA}.Debug|x86.ActiveCfg = Debug|Any CPU
		{1C1A049E-235C-4CD0-B6FA-D53AC418F4DA}.Debug|x86.Build.0 = Debug|Any CPU
		{1C1A049E-235C-4CD0-B6FA-D53AC418F4DA}.Release|Any CPU.ActiveCfg = Release|Any CPU
		{1C1A049E-235C-4CD0-B6FA-D53AC418F4DA}.Release|Any CPU.Build.0 = Release|Any CPU
		{1C1A049E-235C-4CD0-B6FA-D53AC418F4DA}.Release|x64.ActiveCfg = Release|Any CPU
		{1C1A049E-235C-4CD0-B6FA-D53AC418F4DA}.Release|x64.Build.0 = Release|Any CPU
		{1C1A049E-235C-4CD0-B6FA-D53AC418F4DA}.Release|x86.ActiveCfg = Release|Any CPU
		{1C1A049E-235C-4CD0-B6FA-D53AC418F4DA}.Release|x86.Build.0 = Release|Any CPU
		{EBD9022F-BC83-4846-9A11-6F7F3772DC64}.Debug|Any CPU.ActiveCfg = Debug|Any CPU
		{EBD9022F-BC83-4846-9A11-6F7F3772DC64}.Debug|Any CPU.Build.0 = Debug|Any CPU
		{EBD9022F-BC83-4846-9A11-6F7F3772DC64}.Debug|x64.ActiveCfg = Debug|Any CPU
		{EBD9022F-BC83-4846-9A11-6F7F3772DC64}.Debug|x64.Build.0 = Debug|Any CPU
		{EBD9022F-BC83-4846-9A11-6F7F3772DC64}.Debug|x86.ActiveCfg = Debug|Any CPU
		{EBD9022F-BC83-4846-9A11-6F7F3772DC64}.Debug|x86.Build.0 = Debug|Any CPU
		{EBD9022F-BC83-4846-9A11-6F7F3772DC64}.Release|Any CPU.ActiveCfg = Release|Any CPU
		{EBD9022F-BC83-4846-9A11-6F7F3772DC64}.Release|Any CPU.Build.0 = Release|Any CPU
		{EBD9022F-BC83-4846-9A11-6F7F3772DC64}.Release|x64.ActiveCfg = Release|Any CPU
		{EBD9022F-BC83-4846-9A11-6F7F3772DC64}.Release|x64.Build.0 = Release|Any CPU
		{EBD9022F-BC83-4846-9A11-6F7F3772DC64}.Release|x86.ActiveCfg = Release|Any CPU
		{EBD9022F-BC83-4846-9A11-6F7F3772DC64}.Release|x86.Build.0 = Release|Any CPU
		{7AD1DAC8-7FBE-49D5-8614-7321233DB82E}.Debug|Any CPU.ActiveCfg = Debug|Any CPU
		{7AD1DAC8-7FBE-49D5-8614-7321233DB82E}.Debug|Any CPU.Build.0 = Debug|Any CPU
		{7AD1DAC8-7FBE-49D5-8614-7321233DB82E}.Debug|x64.ActiveCfg = Debug|Any CPU
		{7AD1DAC8-7FBE-49D5-8614-7321233DB82E}.Debug|x64.Build.0 = Debug|Any CPU
		{7AD1DAC8-7FBE-49D5-8614-7321233DB82E}.Debug|x86.ActiveCfg = Debug|Any CPU
		{7AD1DAC8-7FBE-49D5-8614-7321233DB82E}.Debug|x86.Build.0 = Debug|Any CPU
		{7AD1DAC8-7FBE-49D5-8614-7321233DB82E}.Release|Any CPU.ActiveCfg = Release|Any CPU
		{7AD1DAC8-7FBE-49D5-8614-7321233DB82E}.Release|Any CPU.Build.0 = Release|Any CPU
		{7AD1DAC8-7FBE-49D5-8614-7321233DB82E}.Release|x64.ActiveCfg = Release|Any CPU
		{7AD1DAC8-7FBE-49D5-8614-7321233DB82E}.Release|x64.Build.0 = Release|Any CPU
		{7AD1DAC8-7FBE-49D5-8614-7321233DB82E}.Release|x86.ActiveCfg = Release|Any CPU
		{7AD1DAC8-7FBE-49D5-8614-7321233DB82E}.Release|x86.Build.0 = Release|Any CPU
		{11508DF7-8397-4781-9791-641591CBB71E}.Debug|Any CPU.ActiveCfg = Debug|Any CPU
		{11508DF7-8397-4781-9791-641591CBB71E}.Debug|Any CPU.Build.0 = Debug|Any CPU
		{11508DF7-8397-4781-9791-641591CBB71E}.Debug|x64.ActiveCfg = Debug|Any CPU
		{11508DF7-8397-4781-9791-641591CBB71E}.Debug|x64.Build.0 = Debug|Any CPU
		{11508DF7-8397-4781-9791-641591CBB71E}.Debug|x86.ActiveCfg = Debug|Any CPU
		{11508DF7-8397-4781-9791-641591CBB71E}.Debug|x86.Build.0 = Debug|Any CPU
		{11508DF7-8397-4781-9791-641591CBB71E}.Release|Any CPU.ActiveCfg = Release|Any CPU
		{11508DF7-8397-4781-9791-641591CBB71E}.Release|Any CPU.Build.0 = Release|Any CPU
		{11508DF7-8397-4781-9791-641591CBB71E}.Release|x64.ActiveCfg = Release|Any CPU
		{11508DF7-8397-4781-9791-641591CBB71E}.Release|x64.Build.0 = Release|Any CPU
		{11508DF7-8397-4781-9791-641591CBB71E}.Release|x86.ActiveCfg = Release|Any CPU
		{11508DF7-8397-4781-9791-641591CBB71E}.Release|x86.Build.0 = Release|Any CPU
		{728B0188-D483-4174-9EC2-498BE3AC9408}.Debug|Any CPU.ActiveCfg = Debug|Any CPU
		{728B0188-D483-4174-9EC2-498BE3AC9408}.Debug|Any CPU.Build.0 = Debug|Any CPU
		{728B0188-D483-4174-9EC2-498BE3AC9408}.Debug|x64.ActiveCfg = Debug|Any CPU
		{728B0188-D483-4174-9EC2-498BE3AC9408}.Debug|x64.Build.0 = Debug|Any CPU
		{728B0188-D483-4174-9EC2-498BE3AC9408}.Debug|x86.ActiveCfg = Debug|Any CPU
		{728B0188-D483-4174-9EC2-498BE3AC9408}.Debug|x86.Build.0 = Debug|Any CPU
		{728B0188-D483-4174-9EC2-498BE3AC9408}.Release|Any CPU.ActiveCfg = Release|Any CPU
		{728B0188-D483-4174-9EC2-498BE3AC9408}.Release|Any CPU.Build.0 = Release|Any CPU
		{728B0188-D483-4174-9EC2-498BE3AC9408}.Release|x64.ActiveCfg = Release|Any CPU
		{728B0188-D483-4174-9EC2-498BE3AC9408}.Release|x64.Build.0 = Release|Any CPU
		{728B0188-D483-4174-9EC2-498BE3AC9408}.Release|x86.ActiveCfg = Release|Any CPU
		{728B0188-D483-4174-9EC2-498BE3AC9408}.Release|x86.Build.0 = Release|Any CPU
		{06E5387F-5DD0-44DB-AC3F-DED14ADCE859}.Debug|Any CPU.ActiveCfg = Debug|Any CPU
		{06E5387F-5DD0-44DB-AC3F-DED14ADCE859}.Debug|Any CPU.Build.0 = Debug|Any CPU
		{06E5387F-5DD0-44DB-AC3F-DED14ADCE859}.Debug|x64.ActiveCfg = Debug|Any CPU
		{06E5387F-5DD0-44DB-AC3F-DED14ADCE859}.Debug|x64.Build.0 = Debug|Any CPU
		{06E5387F-5DD0-44DB-AC3F-DED14ADCE859}.Debug|x86.ActiveCfg = Debug|Any CPU
		{06E5387F-5DD0-44DB-AC3F-DED14ADCE859}.Debug|x86.Build.0 = Debug|Any CPU
		{06E5387F-5DD0-44DB-AC3F-DED14ADCE859}.Release|Any CPU.ActiveCfg = Release|Any CPU
		{06E5387F-5DD0-44DB-AC3F-DED14ADCE859}.Release|Any CPU.Build.0 = Release|Any CPU
		{06E5387F-5DD0-44DB-AC3F-DED14ADCE859}.Release|x64.ActiveCfg = Release|Any CPU
		{06E5387F-5DD0-44DB-AC3F-DED14ADCE859}.Release|x64.Build.0 = Release|Any CPU
		{06E5387F-5DD0-44DB-AC3F-DED14ADCE859}.Release|x86.ActiveCfg = Release|Any CPU
		{06E5387F-5DD0-44DB-AC3F-DED14ADCE859}.Release|x86.Build.0 = Release|Any CPU
		{A9EC2E81-D6DB-4F70-A54D-FD7028051D96}.Debug|Any CPU.ActiveCfg = Debug|Any CPU
		{A9EC2E81-D6DB-4F70-A54D-FD7028051D96}.Debug|Any CPU.Build.0 = Debug|Any CPU
		{A9EC2E81-D6DB-4F70-A54D-FD7028051D96}.Debug|x64.ActiveCfg = Debug|Any CPU
		{A9EC2E81-D6DB-4F70-A54D-FD7028051D96}.Debug|x64.Build.0 = Debug|Any CPU
		{A9EC2E81-D6DB-4F70-A54D-FD7028051D96}.Debug|x86.ActiveCfg = Debug|Any CPU
		{A9EC2E81-D6DB-4F70-A54D-FD7028051D96}.Debug|x86.Build.0 = Debug|Any CPU
		{A9EC2E81-D6DB-4F70-A54D-FD7028051D96}.Release|Any CPU.ActiveCfg = Release|Any CPU
		{A9EC2E81-D6DB-4F70-A54D-FD7028051D96}.Release|Any CPU.Build.0 = Release|Any CPU
		{A9EC2E81-D6DB-4F70-A54D-FD7028051D96}.Release|x64.ActiveCfg = Release|Any CPU
		{A9EC2E81-D6DB-4F70-A54D-FD7028051D96}.Release|x64.Build.0 = Release|Any CPU
		{A9EC2E81-D6DB-4F70-A54D-FD7028051D96}.Release|x86.ActiveCfg = Release|Any CPU
		{A9EC2E81-D6DB-4F70-A54D-FD7028051D96}.Release|x86.Build.0 = Release|Any CPU
		{94F8B2F3-F1A3-42BA-A721-69E211751B79}.Debug|Any CPU.ActiveCfg = Debug|Any CPU
		{94F8B2F3-F1A3-42BA-A721-69E211751B79}.Debug|Any CPU.Build.0 = Debug|Any CPU
		{94F8B2F3-F1A3-42BA-A721-69E211751B79}.Debug|x64.ActiveCfg = Debug|Any CPU
		{94F8B2F3-F1A3-42BA-A721-69E211751B79}.Debug|x64.Build.0 = Debug|Any CPU
		{94F8B2F3-F1A3-42BA-A721-69E211751B79}.Debug|x86.ActiveCfg = Debug|Any CPU
		{94F8B2F3-F1A3-42BA-A721-69E211751B79}.Debug|x86.Build.0 = Debug|Any CPU
		{94F8B2F3-F1A3-42BA-A721-69E211751B79}.Release|Any CPU.ActiveCfg = Release|Any CPU
		{94F8B2F3-F1A3-42BA-A721-69E211751B79}.Release|Any CPU.Build.0 = Release|Any CPU
		{94F8B2F3-F1A3-42BA-A721-69E211751B79}.Release|x64.ActiveCfg = Release|Any CPU
		{94F8B2F3-F1A3-42BA-A721-69E211751B79}.Release|x64.Build.0 = Release|Any CPU
		{94F8B2F3-F1A3-42BA-A721-69E211751B79}.Release|x86.ActiveCfg = Release|Any CPU
		{94F8B2F3-F1A3-42BA-A721-69E211751B79}.Release|x86.Build.0 = Release|Any CPU
		{3B7924C1-E2E5-40DE-9AFE-C428D66957AF}.Debug|Any CPU.ActiveCfg = Debug|Any CPU
		{3B7924C1-E2E5-40DE-9AFE-C428D66957AF}.Debug|Any CPU.Build.0 = Debug|Any CPU
		{3B7924C1-E2E5-40DE-9AFE-C428D66957AF}.Debug|x64.ActiveCfg = Debug|Any CPU
		{3B7924C1-E2E5-40DE-9AFE-C428D66957AF}.Debug|x64.Build.0 = Debug|Any CPU
		{3B7924C1-E2E5-40DE-9AFE-C428D66957AF}.Debug|x86.ActiveCfg = Debug|Any CPU
		{3B7924C1-E2E5-40DE-9AFE-C428D66957AF}.Debug|x86.Build.0 = Debug|Any CPU
		{3B7924C1-E2E5-40DE-9AFE-C428D66957AF}.Release|Any CPU.ActiveCfg = Release|Any CPU
		{3B7924C1-E2E5-40DE-9AFE-C428D66957AF}.Release|Any CPU.Build.0 = Release|Any CPU
		{3B7924C1-E2E5-40DE-9AFE-C428D66957AF}.Release|x64.ActiveCfg = Release|Any CPU
		{3B7924C1-E2E5-40DE-9AFE-C428D66957AF}.Release|x64.Build.0 = Release|Any CPU
		{3B7924C1-E2E5-40DE-9AFE-C428D66957AF}.Release|x86.ActiveCfg = Release|Any CPU
		{3B7924C1-E2E5-40DE-9AFE-C428D66957AF}.Release|x86.Build.0 = Release|Any CPU
		{65DE2535-B573-42C6-852A-C142C66F803E}.Debug|Any CPU.ActiveCfg = Debug|Any CPU
		{65DE2535-B573-42C6-852A-C142C66F803E}.Debug|Any CPU.Build.0 = Debug|Any CPU
		{65DE2535-B573-42C6-852A-C142C66F803E}.Debug|x64.ActiveCfg = Debug|Any CPU
		{65DE2535-B573-42C6-852A-C142C66F803E}.Debug|x64.Build.0 = Debug|Any CPU
		{65DE2535-B573-42C6-852A-C142C66F803E}.Debug|x86.ActiveCfg = Debug|Any CPU
		{65DE2535-B573-42C6-852A-C142C66F803E}.Debug|x86.Build.0 = Debug|Any CPU
		{65DE2535-B573-42C6-852A-C142C66F803E}.Release|Any CPU.ActiveCfg = Release|Any CPU
		{65DE2535-B573-42C6-852A-C142C66F803E}.Release|Any CPU.Build.0 = Release|Any CPU
		{65DE2535-B573-42C6-852A-C142C66F803E}.Release|x64.ActiveCfg = Release|Any CPU
		{65DE2535-B573-42C6-852A-C142C66F803E}.Release|x64.Build.0 = Release|Any CPU
		{65DE2535-B573-42C6-852A-C142C66F803E}.Release|x86.ActiveCfg = Release|Any CPU
		{65DE2535-B573-42C6-852A-C142C66F803E}.Release|x86.Build.0 = Release|Any CPU
		{FCF15AEB-C486-1F31-54B1-18C99A149012}.Debug|Any CPU.ActiveCfg = Debug|Any CPU
		{FCF15AEB-C486-1F31-54B1-18C99A149012}.Debug|Any CPU.Build.0 = Debug|Any CPU
		{FCF15AEB-C486-1F31-54B1-18C99A149012}.Debug|x64.ActiveCfg = Debug|Any CPU
		{FCF15AEB-C486-1F31-54B1-18C99A149012}.Debug|x64.Build.0 = Debug|Any CPU
		{FCF15AEB-C486-1F31-54B1-18C99A149012}.Debug|x86.ActiveCfg = Debug|Any CPU
		{FCF15AEB-C486-1F31-54B1-18C99A149012}.Debug|x86.Build.0 = Debug|Any CPU
		{FCF15AEB-C486-1F31-54B1-18C99A149012}.Release|Any CPU.ActiveCfg = Release|Any CPU
		{FCF15AEB-C486-1F31-54B1-18C99A149012}.Release|Any CPU.Build.0 = Release|Any CPU
		{FCF15AEB-C486-1F31-54B1-18C99A149012}.Release|x64.ActiveCfg = Release|Any CPU
		{FCF15AEB-C486-1F31-54B1-18C99A149012}.Release|x64.Build.0 = Release|Any CPU
		{FCF15AEB-C486-1F31-54B1-18C99A149012}.Release|x86.ActiveCfg = Release|Any CPU
		{FCF15AEB-C486-1F31-54B1-18C99A149012}.Release|x86.Build.0 = Release|Any CPU
		{E57F02AF-ABBF-43FC-90DC-DA4CD78A5A42}.Debug|Any CPU.ActiveCfg = Debug|Any CPU
		{E57F02AF-ABBF-43FC-90DC-DA4CD78A5A42}.Debug|Any CPU.Build.0 = Debug|Any CPU
		{E57F02AF-ABBF-43FC-90DC-DA4CD78A5A42}.Debug|x64.ActiveCfg = Debug|Any CPU
		{E57F02AF-ABBF-43FC-90DC-DA4CD78A5A42}.Debug|x64.Build.0 = Debug|Any CPU
		{E57F02AF-ABBF-43FC-90DC-DA4CD78A5A42}.Debug|x86.ActiveCfg = Debug|Any CPU
		{E57F02AF-ABBF-43FC-90DC-DA4CD78A5A42}.Debug|x86.Build.0 = Debug|Any CPU
		{E57F02AF-ABBF-43FC-90DC-DA4CD78A5A42}.Release|Any CPU.ActiveCfg = Release|Any CPU
		{E57F02AF-ABBF-43FC-90DC-DA4CD78A5A42}.Release|Any CPU.Build.0 = Release|Any CPU
		{E57F02AF-ABBF-43FC-90DC-DA4CD78A5A42}.Release|x64.ActiveCfg = Release|Any CPU
		{E57F02AF-ABBF-43FC-90DC-DA4CD78A5A42}.Release|x64.Build.0 = Release|Any CPU
		{E57F02AF-ABBF-43FC-90DC-DA4CD78A5A42}.Release|x86.ActiveCfg = Release|Any CPU
		{E57F02AF-ABBF-43FC-90DC-DA4CD78A5A42}.Release|x86.Build.0 = Release|Any CPU
		{D4F59F79-EF5F-472E-AC4B-BEFBE53DCCB7}.Debug|Any CPU.ActiveCfg = Debug|Any CPU
		{D4F59F79-EF5F-472E-AC4B-BEFBE53DCCB7}.Debug|Any CPU.Build.0 = Debug|Any CPU
		{D4F59F79-EF5F-472E-AC4B-BEFBE53DCCB7}.Debug|x64.ActiveCfg = Debug|Any CPU
		{D4F59F79-EF5F-472E-AC4B-BEFBE53DCCB7}.Debug|x64.Build.0 = Debug|Any CPU
		{D4F59F79-EF5F-472E-AC4B-BEFBE53DCCB7}.Debug|x86.ActiveCfg = Debug|Any CPU
		{D4F59F79-EF5F-472E-AC4B-BEFBE53DCCB7}.Debug|x86.Build.0 = Debug|Any CPU
		{D4F59F79-EF5F-472E-AC4B-BEFBE53DCCB7}.Release|Any CPU.ActiveCfg = Release|Any CPU
		{D4F59F79-EF5F-472E-AC4B-BEFBE53DCCB7}.Release|Any CPU.Build.0 = Release|Any CPU
		{D4F59F79-EF5F-472E-AC4B-BEFBE53DCCB7}.Release|x64.ActiveCfg = Release|Any CPU
		{D4F59F79-EF5F-472E-AC4B-BEFBE53DCCB7}.Release|x64.Build.0 = Release|Any CPU
		{D4F59F79-EF5F-472E-AC4B-BEFBE53DCCB7}.Release|x86.ActiveCfg = Release|Any CPU
		{D4F59F79-EF5F-472E-AC4B-BEFBE53DCCB7}.Release|x86.Build.0 = Release|Any CPU
	EndGlobalSection
	GlobalSection(SolutionProperties) = preSolution
		HideSolutionNode = FALSE
	EndGlobalSection
	GlobalSection(NestedProjects) = preSolution
		{EBFA8512-1EA5-4D8C-B4AC-AB5B48A6D568} = {A1C0DE01-0000-4000-8000-000000000002}
		{ABC31E74-02FF-46EB-B3B2-4E6AE43B456C} = {A1C0DE01-0000-4000-8000-000000000003}
		{1C1A049E-235C-4CD0-B6FA-D53AC418F4DA} = {A1C0DE01-0000-4000-8000-000000000003}
		{EBD9022F-BC83-4846-9A11-6F7F3772DC64} = {A1C0DE01-0000-4000-8000-000000000003}
		{7AD1DAC8-7FBE-49D5-8614-7321233DB82E} = {A1C0DE01-0000-4000-8000-000000000003}
		{11508DF7-8397-4781-9791-641591CBB71E} = {A1C0DE01-0000-4000-8000-000000000001}
		{728B0188-D483-4174-9EC2-498BE3AC9408} = {A1C0DE01-0000-4000-8000-000000000001}
		{06E5387F-5DD0-44DB-AC3F-DED14ADCE859} = {A1C0DE01-0000-4000-8000-000000000002}
		{A9EC2E81-D6DB-4F70-A54D-FD7028051D96} = {A1C0DE01-0000-4000-8000-000000000001}
		{94F8B2F3-F1A3-42BA-A721-69E211751B79} = {A1C0DE01-0000-4000-8000-000000000001}
		{3B7924C1-E2E5-40DE-9AFE-C428D66957AF} = {A1C0DE01-0000-4000-8000-000000000002}
		{65DE2535-B573-42C6-852A-C142C66F803E} = {A1C0DE01-0000-4000-8000-000000000004}
		{FCF15AEB-C486-1F31-54B1-18C99A149012} = {A1C0DE01-0000-4000-8000-000000000001}
		{E57F02AF-ABBF-43FC-90DC-DA4CD78A5A42} = {A1C0DE01-0000-4000-8000-000000000001}
		{D4F59F79-EF5F-472E-AC4B-BEFBE53DCCB7} = {A1C0DE01-0000-4000-8000-000000000001}
	EndGlobalSection
	GlobalSection(ExtensibilityGlobals) = postSolution
		SolutionGuid = {83CB65B8-011F-4ED7-BCD3-A6CFA935EF7E}
	EndGlobalSection
EndGlobal
